
Microsoft Visual Studio Solution File, Format Version 12.00
# Visual Studio Version 17
VisualStudioVersion = 17.6.33815.320
MinimumVisualStudioVersion = 10.0.40219.1
Project("{FAE04EC0-301F-11D3-BF4B-00C04F79EFBC}") = "Proje_Hastane", "Proje_Hastane\Proje_Hastane.csproj", "{F2223F05-B89E-4745-A5A6-AE70E650BF0C}"
EndProject
Global
	GlobalSection(SolutionConfigurationPlatforms) = preSolution
		Debug|Any CPU = Debug|Any CPU
		Release|Any CPU = Release|Any CPU
	EndGlobalSection
	GlobalSection(ProjectConfigurationPlatforms) = postSolution
		{F2223F05-B89E-4745-A5A6-AE70E650BF0C}.Debug|Any CPU.ActiveCfg = Debug|Any CPU
		{F2223F05-B89E-4745-A5A6-AE70E650BF0C}.Debug|Any CPU.Build.0 = Debug|Any CPU
		{F2223F05-B89E-4745-A5A6-AE70E650BF0C}.Release|Any CPU.ActiveCfg = Release|Any CPU
		{F2223F05-B89E-4745-A5A6-AE70E650BF0C}.Release|Any CPU.Build.0 = Release|Any CPU
	EndGlobalSection
	GlobalSection(SolutionProperties) = preSolution
		HideSolutionNode = FALSE
	EndGlobalSection
	GlobalSection(ExtensibilityGlobals) = postSolution
		SolutionGuid = {1EAAB34F-FF36-4CE2-89EF-6D27BB6E8DA7}
	EndGlobalSection
EndGlobal
